
Microsoft Visual Studio Solution File, Format Version 12.00
# Visual Studio 15
VisualStudioVersion = 15.0.28307.539
MinimumVisualStudioVersion = 10.0.40219.1
Project("{2150E333-8FDC-42A3-9474-1A3956D46DE8}") = "1_Presentation", "1_Presentation", "{8793F9FB-F3CF-423C-8EAD-773AFAC7F972}"
EndProject
Project("{2150E333-8FDC-42A3-9474-1A3956D46DE8}") = "2_Domain", "2_Domain", "{5E60DF34-8487-41C7-96B8-10076D5E8CC3}"
EndProject
Project("{2150E333-8FDC-42A3-9474-1A3956D46DE8}") = "3_Repository", "3_Repository", "{414CA9A3-69E6-4F76-AFDA-DF321BC33E1B}"
EndProject
Project("{2150E333-8FDC-42A3-9474-1A3956D46DE8}") = "4_Infrastructure", "4_Infrastructure", "{D7AA6BC6-EC2C-42DB-B7E2-486395977342}"
EndProject
Project("{2150E333-8FDC-42A3-9474-1A3956D46DE8}") = "5_ClientApp", "5_ClientApp", "{6F2A5DF0-4D3E-461A-AD1D-D6E1588F6728}"
EndProject
Project("{2150E333-8FDC-42A3-9474-1A3956D46DE8}") = "7_Common", "7_Common", "{778B91C3-7631-43AF-9D77-E54960AB9939}"
EndProject
Project("{2150E333-8FDC-42A3-9474-1A3956D46DE8}") = "6_Tests", "6_Tests", "{4B2D7CBA-E949-48DB-A292-A7E32C9C6279}"
EndProject
Project("{2150E333-8FDC-42A3-9474-1A3956D46DE8}") = "Solution Items", "Solution Items", "{72B9AC4D-0B39-40AE-BCCC-C8048950F452}"
	ProjectSection(SolutionItems) = preProject
		readme.md = readme.md
	EndProjectSection
EndProject
Project("{9A19103F-16F7-4668-BE54-9A1E7A4F7556}") = "Tiny.Common", "Tiny.Common.NetCore\Tiny.Common\Tiny.Common.csproj", "{42AECDA2-F49D-4F27-899D-F98181C64C30}"
EndProject
Project("{9A19103F-16F7-4668-BE54-9A1E7A4F7556}") = "Tiny.Common.Dapper", "Tiny.Common.NetCore\Tiny.Common.Dapper\Tiny.Common.Dapper.csproj", "{5733B15F-07F0-414E-9DB4-EF2E52577ECE}"
EndProject
Project("{9A19103F-16F7-4668-BE54-9A1E7A4F7556}") = "Tiny.Common.Web", "Tiny.Common.NetCore\Tiny.Common.Web\Tiny.Common.Web.csproj", "{D96A7199-8DB7-4863-A869-6CED7B1031DF}"
EndProject
Project("{9A19103F-16F7-4668-BE54-9A1E7A4F7556}") = "Tiny.Common.Web.Authentication", "Tiny.Common.NetCore\Tiny.Common.Web.Authentication\Tiny.Common.Web.Authentication.csproj", "{21A31AA3-C9D3-4DA6-907D-5057F305F42A}"
EndProject
Project("{9A19103F-16F7-4668-BE54-9A1E7A4F7556}") = "Tiny.OPS.Common", "Tiny.OPS.Common\Tiny.OPS.Common.csproj", "{63FCE9B4-5E38-4057-81E6-882D1CDDAEF3}"
EndProject
Project("{9A19103F-16F7-4668-BE54-9A1E7A4F7556}") = "Tiny.OPS.Common.Web", "Tiny.OPS.Common.Web\Tiny.OPS.Common.Web.csproj", "{974EBEF0-9F31-4EE0-A8EB-D8D4A6869749}"
EndProject
Project("{9A19103F-16F7-4668-BE54-9A1E7A4F7556}") = "Tiny.OPS.Configuration", "Tiny.OPS.Configuration\Tiny.OPS.Configuration.csproj", "{B8AE89AF-A6EA-4829-9802-D226022E24D4}"
EndProject
Project("{9A19103F-16F7-4668-BE54-9A1E7A4F7556}") = "Tiny.OPS.Contract", "Tiny.OPS.Contract\Tiny.OPS.Contract.csproj", "{43AD206B-E433-4277-A717-E33BF9A98B8E}"
EndProject
Project("{9A19103F-16F7-4668-BE54-9A1E7A4F7556}") = "Tiny.OPS.Domain", "Tiny.OPS.Domain\Tiny.OPS.Domain.csproj", "{493D4E78-43B7-4E1E-8387-E24C0B702272}"
EndProject
Project("{9A19103F-16F7-4668-BE54-9A1E7A4F7556}") = "Tiny.OPS.DomainService", "Tiny.OPS.DomainService\Tiny.OPS.DomainService.csproj", "{73A00610-0903-49CA-BDF0-977CD19DD7CE}"
EndProject
Project("{9A19103F-16F7-4668-BE54-9A1E7A4F7556}") = "Tiny.OPS.WebApi", "Tiny.OPS.WebApi\Tiny.OPS.WebApi.csproj", "{81E46C93-2B42-43EF-B779-4798B39524F0}"
EndProject
Project("{9A19103F-16F7-4668-BE54-9A1E7A4F7556}") = "Tiny.OPS.Repository", "Tiny.OPS.Repository\Tiny.OPS.Repository.csproj", "{AF925025-517A-48FA-B3F2-826FF5EC5D5C}"
EndProject
Global
	GlobalSection(SolutionConfigurationPlatforms) = preSolution
		Debug|Any CPU = Debug|Any CPU
		Release|Any CPU = Release|Any CPU
	EndGlobalSection
	GlobalSection(ProjectConfigurationPlatforms) = postSolution
		{42AECDA2-F49D-4F27-899D-F98181C64C30}.Debug|Any CPU.ActiveCfg = Debug|Any CPU
		{42AECDA2-F49D-4F27-899D-F98181C64C30}.Debug|Any CPU.Build.0 = Debug|Any CPU
		{42AECDA2-F49D-4F27-899D-F98181C64C30}.Release|Any CPU.ActiveCfg = Release|Any CPU
		{42AECDA2-F49D-4F27-899D-F98181C64C30}.Release|Any CPU.Build.0 = Release|Any CPU
		{5733B15F-07F0-414E-9DB4-EF2E52577ECE}.Debug|Any CPU.ActiveCfg = Debug|Any CPU
		{5733B15F-07F0-414E-9DB4-EF2E52577ECE}.Debug|Any CPU.Build.0 = Debug|Any CPU
		{5733B15F-07F0-414E-9DB4-EF2E52577ECE}.Release|Any CPU.ActiveCfg = Release|Any CPU
		{5733B15F-07F0-414E-9DB4-EF2E52577ECE}.Release|Any CPU.Build.0 = Release|Any CPU
		{D96A7199-8DB7-4863-A869-6CED7B1031DF}.Debug|Any CPU.ActiveCfg = Debug|Any CPU
		{D96A7199-8DB7-4863-A869-6CED7B1031DF}.Debug|Any CPU.Build.0 = Debug|Any CPU
		{D96A7199-8DB7-4863-A869-6CED7B1031DF}.Release|Any CPU.ActiveCfg = Release|Any CPU
		{D96A7199-8DB7-4863-A869-6CED7B1031DF}.Release|Any CPU.Build.0 = Release|Any CPU
		{21A31AA3-C9D3-4DA6-907D-5057F305F42A}.Debug|Any CPU.ActiveCfg = Debug|Any CPU
		{21A31AA3-C9D3-4DA6-907D-5057F305F42A}.Debug|Any CPU.Build.0 = Debug|Any CPU
		{21A31AA3-C9D3-4DA6-907D-5057F305F42A}.Release|Any CPU.ActiveCfg = Release|Any CPU
		{21A31AA3-C9D3-4DA6-907D-5057F305F42A}.Release|Any CPU.Build.0 = Release|Any CPU
		{63FCE9B4-5E38-4057-81E6-882D1CDDAEF3}.Debug|Any CPU.ActiveCfg = Debug|Any CPU
		{63FCE9B4-5E38-4057-81E6-882D1CDDAEF3}.Debug|Any CPU.Build.0 = Debug|Any CPU
		{63FCE9B4-5E38-4057-81E6-882D1CDDAEF3}.Release|Any CPU.ActiveCfg = Release|Any CPU
		{63FCE9B4-5E38-4057-81E6-882D1CDDAEF3}.Release|Any CPU.Build.0 = Release|Any CPU
		{974EBEF0-9F31-4EE0-A8EB-D8D4A6869749}.Debug|Any CPU.ActiveCfg = Debug|Any CPU
		{974EBEF0-9F31-4EE0-A8EB-D8D4A6869749}.Debug|Any CPU.Build.0 = Debug|Any CPU
		{974EBEF0-9F31-4EE0-A8EB-D8D4A6869749}.Release|Any CPU.ActiveCfg = Release|Any CPU
		{974EBEF0-9F31-4EE0-A8EB-D8D4A6869749}.Release|Any CPU.Build.0 = Release|Any CPU
		{B8AE89AF-A6EA-4829-9802-D226022E24D4}.Debug|Any CPU.ActiveCfg = Debug|Any CPU
		{B8AE89AF-A6EA-4829-9802-D226022E24D4}.Debug|Any CPU.Build.0 = Debug|Any CPU
		{B8AE89AF-A6EA-4829-9802-D226022E24D4}.Release|Any CPU.ActiveCfg = Release|Any CPU
		{B8AE89AF-A6EA-4829-9802-D226022E24D4}.Release|Any CPU.Build.0 = Release|Any CPU
		{43AD206B-E433-4277-A717-E33BF9A98B8E}.Debug|Any CPU.ActiveCfg = Debug|Any CPU
		{43AD206B-E433-4277-A717-E33BF9A98B8E}.Debug|Any CPU.Build.0 = Debug|Any CPU
		{43AD206B-E433-4277-A717-E33BF9A98B8E}.Release|Any CPU.ActiveCfg = Release|Any CPU
		{43AD206B-E433-4277-A717-E33BF9A98B8E}.Release|Any CPU.Build.0 = Release|Any CPU
		{493D4E78-43B7-4E1E-8387-E24C0B702272}.Debug|Any CPU.ActiveCfg = Debug|Any CPU
		{493D4E78-43B7-4E1E-8387-E24C0B702272}.Debug|Any CPU.Build.0 = Debug|Any CPU
		{493D4E78-43B7-4E1E-8387-E24C0B702272}.Release|Any CPU.ActiveCfg = Release|Any CPU
		{493D4E78-43B7-4E1E-8387-E24C0B702272}.Release|Any CPU.Build.0 = Release|Any CPU
		{73A00610-0903-49CA-BDF0-977CD19DD7CE}.Debug|Any CPU.ActiveCfg = Debug|Any CPU
		{73A00610-0903-49CA-BDF0-977CD19DD7CE}.Debug|Any CPU.Build.0 = Debug|Any CPU
		{73A00610-0903-49CA-BDF0-977CD19DD7CE}.Release|Any CPU.ActiveCfg = Release|Any CPU
		{73A00610-0903-49CA-BDF0-977CD19DD7CE}.Release|Any CPU.Build.0 = Release|Any CPU
		{81E46C93-2B42-43EF-B779-4798B39524F0}.Debug|Any CPU.ActiveCfg = Debug|Any CPU
		{81E46C93-2B42-43EF-B779-4798B39524F0}.Debug|Any CPU.Build.0 = Debug|Any CPU
		{81E46C93-2B42-43EF-B779-4798B39524F0}.Release|Any CPU.ActiveCfg = Release|Any CPU
		{81E46C93-2B42-43EF-B779-4798B39524F0}.Release|Any CPU.Build.0 = Release|Any CPU
		{AF925025-517A-48FA-B3F2-826FF5EC5D5C}.Debug|Any CPU.ActiveCfg = Debug|Any CPU
		{AF925025-517A-48FA-B3F2-826FF5EC5D5C}.Debug|Any CPU.Build.0 = Debug|Any CPU
		{AF925025-517A-48FA-B3F2-826FF5EC5D5C}.Release|Any CPU.ActiveCfg = Release|Any CPU
		{AF925025-517A-48FA-B3F2-826FF5EC5D5C}.Release|Any CPU.Build.0 = Release|Any CPU
	EndGlobalSection
	GlobalSection(SolutionProperties) = preSolution
		HideSolutionNode = FALSE
	EndGlobalSection
	GlobalSection(NestedProjects) = preSolution
		{D7AA6BC6-EC2C-42DB-B7E2-486395977342} = {6F2A5DF0-4D3E-461A-AD1D-D6E1588F6728}
		{42AECDA2-F49D-4F27-899D-F98181C64C30} = {778B91C3-7631-43AF-9D77-E54960AB9939}
		{5733B15F-07F0-414E-9DB4-EF2E52577ECE} = {778B91C3-7631-43AF-9D77-E54960AB9939}
		{D96A7199-8DB7-4863-A869-6CED7B1031DF} = {778B91C3-7631-43AF-9D77-E54960AB9939}
		{21A31AA3-C9D3-4DA6-907D-5057F305F42A} = {778B91C3-7631-43AF-9D77-E54960AB9939}
		{63FCE9B4-5E38-4057-81E6-882D1CDDAEF3} = {D7AA6BC6-EC2C-42DB-B7E2-486395977342}
		{974EBEF0-9F31-4EE0-A8EB-D8D4A6869749} = {D7AA6BC6-EC2C-42DB-B7E2-486395977342}
		{B8AE89AF-A6EA-4829-9802-D226022E24D4} = {D7AA6BC6-EC2C-42DB-B7E2-486395977342}
		{43AD206B-E433-4277-A717-E33BF9A98B8E} = {5E60DF34-8487-41C7-96B8-10076D5E8CC3}
		{493D4E78-43B7-4E1E-8387-E24C0B702272} = {5E60DF34-8487-41C7-96B8-10076D5E8CC3}
		{73A00610-0903-49CA-BDF0-977CD19DD7CE} = {5E60DF34-8487-41C7-96B8-10076D5E8CC3}
		{81E46C93-2B42-43EF-B779-4798B39524F0} = {8793F9FB-F3CF-423C-8EAD-773AFAC7F972}
		{AF925025-517A-48FA-B3F2-826FF5EC5D5C} = {414CA9A3-69E6-4F76-AFDA-DF321BC33E1B}
	EndGlobalSection
	GlobalSection(ExtensibilityGlobals) = postSolution
		SolutionGuid = {8A334C74-4E2E-437E-9689-704887B1ECD3}
	EndGlobalSection
EndGlobal
